
Microsoft Visual Studio Solution File, Format Version 12.00
# Visual Studio 15
VisualStudioVersion = 15.0.26730.10
MinimumVisualStudioVersion = 10.0.40219.1
Project("{FAE04EC0-301F-11D3-BF4B-00C04F79EFBC}") = "Orlik.Model", "Orlik.Model\Orlik.Model.csproj", "{C1C9E0D4-4FD1-4F73-9F26-0E3E33E69C54}"
EndProject
Project("{FAE04EC0-301F-11D3-BF4B-00C04F79EFBC}") = "Orlik.Infrastructure", "Orlik.Infrastructure\Orlik.Infrastructure.csproj", "{50F18F64-F938-4611-946E-F2D4B3BE9F77}"
EndProject
Project("{FAE04EC0-301F-11D3-BF4B-00C04F79EFBC}") = "Orlik.Web", "Orlik.Web\Orlik.Web.csproj", "{0D760780-A645-42EB-8A7D-9C64AEF1467C}"
EndProject
Project("{FAE04EC0-301F-11D3-BF4B-00C04F79EFBC}") = "Orlik.Common", "Orlik.Common\Orlik.Common.csproj", "{FECA752D-36FE-47A2-9270-992FD3D51D14}"
EndProject
Global
	GlobalSection(SolutionConfigurationPlatforms) = preSolution
		Debug|Any CPU = Debug|Any CPU
		Release|Any CPU = Release|Any CPU
	EndGlobalSection
	GlobalSection(ProjectConfigurationPlatforms) = postSolution
		{C1C9E0D4-4FD1-4F73-9F26-0E3E33E69C54}.Debug|Any CPU.ActiveCfg = Debug|Any CPU
		{C1C9E0D4-4FD1-4F73-9F26-0E3E33E69C54}.Debug|Any CPU.Build.0 = Debug|Any CPU
		{C1C9E0D4-4FD1-4F73-9F26-0E3E33E69C54}.Release|Any CPU.ActiveCfg = Release|Any CPU
		{C1C9E0D4-4FD1-4F73-9F26-0E3E33E69C54}.Release|Any CPU.Build.0 = Release|Any CPU
		{50F18F64-F938-4611-946E-F2D4B3BE9F77}.Debug|Any CPU.ActiveCfg = Debug|Any CPU
		{50F18F64-F938-4611-946E-F2D4B3BE9F77}.Debug|Any CPU.Build.0 = Debug|Any CPU
		{50F18F64-F938-4611-946E-F2D4B3BE9F77}.Release|Any CPU.ActiveCfg = Release|Any CPU
		{50F18F64-F938-4611-946E-F2D4B3BE9F77}.Release|Any CPU.Build.0 = Release|Any CPU
		{0D760780-A645-42EB-8A7D-9C64AEF1467C}.Debug|Any CPU.ActiveCfg = Debug|Any CPU
		{0D760780-A645-42EB-8A7D-9C64AEF1467C}.Debug|Any CPU.Build.0 = Debug|Any CPU
		{0D760780-A645-42EB-8A7D-9C64AEF1467C}.Release|Any CPU.ActiveCfg = Release|Any CPU
		{0D760780-A645-42EB-8A7D-9C64AEF1467C}.Release|Any CPU.Build.0 = Release|Any CPU
		{FECA752D-36FE-47A2-9270-992FD3D51D14}.Debug|Any CPU.ActiveCfg = Debug|Any CPU
		{FECA752D-36FE-47A2-9270-992FD3D51D14}.Debug|Any CPU.Build.0 = Debug|Any CPU
		{FECA752D-36FE-47A2-9270-992FD3D51D14}.Release|Any CPU.ActiveCfg = Release|Any CPU
		{FECA752D-36FE-47A2-9270-992FD3D51D14}.Release|Any CPU.Build.0 = Release|Any CPU
	EndGlobalSection
	GlobalSection(SolutionProperties) = preSolution
		HideSolutionNode = FALSE
	EndGlobalSection
	GlobalSection(ExtensibilityGlobals) = postSolution
		SolutionGuid = {59E3E811-F509-452A-9231-020F22C21100}
	EndGlobalSection
EndGlobal
